
Microsoft Visual Studio Solution File, Format Version 12.00
# Visual Studio Version 17
VisualStudioVersion = 17.0.31903.59
MinimumVisualStudioVersion = 10.0.40219.1
Project("{2150E333-8FDC-42A3-9474-1A3956D46DE8}") = "src", "src", "{11DD3B1C-D5EA-4B0C-BB2D-102066C170BF}"
EndProject
Project("{FAE04EC0-301F-11D3-BF4B-00C04F79EFBC}") = "MistMapper.Shared", "src\Shared\MistMapper.Shared.csproj", "{F13485E4-0291-4048-8E3C-628474AFE7F9}"
EndProject
Project("{FAE04EC0-301F-11D3-BF4B-00C04F79EFBC}") = "MistMapper.Host", "src\Host\MistMapper.Host.csproj", "{8A52BAA0-738F-40BC-82D2-C4E4F968083E}"
EndProject
Project("{FAE04EC0-301F-11D3-BF4B-00C04F79EFBC}") = "MistMapper.Widget", "src\Widget\MistMapper.Widget.csproj", "{38E19A9E-973C-4F05-AAA2-92C3C6A0FB4D}"
EndProject
Project("{FAE04EC0-301F-11D3-BF4B-00C04F79EFBC}") = "MistMapper.FseHome", "src\FseHome\MistMapper.FseHome.csproj", "{500D862E-A1EC-49CC-9269-F3E17454AA3E}"
EndProject
Project("{2150E333-8FDC-42A3-9474-1A3956D46DE8}") = "tests", "tests", "{0AB3BF05-4346-4AA6-1389-037BE0695223}"
EndProject
Project("{FAE04EC0-301F-11D3-BF4B-00C04F79EFBC}") = "MistMapper.Tests", "tests\MistMapper.Tests\MistMapper.Tests.csproj", "{DFB2045A-228D-463B-90F4-BB95563C67BD}"
EndProject
Project("{2150E333-8FDC-42A3-9474-1A3956D46DE8}") = "Installer", "Installer", "{64B38D97-4B2D-BCBC-926A-116E52967D06}"
EndProject
Project("{FAE04EC0-301F-11D3-BF4B-00C04F79EFBC}") = "MistMapper.Installer", "src\Installer\MistMapper.Installer.csproj", "{60AADE13-35C8-400F-BD95-5CD3B7F11611}"
EndProject
Global
	GlobalSection(SolutionConfigurationPlatforms) = preSolution
		Debug|Any CPU = Debug|Any CPU
		Debug|x64 = Debug|x64
		Debug|x86 = Debug|x86
		Release|Any CPU = Release|Any CPU
		Release|x64 = Release|x64
		Release|x86 = Release|x86
	EndGlobalSection
	GlobalSection(ProjectConfigurationPlatforms) = postSolution
		{F13485E4-0291-4048-8E3C-628474AFE7F9}.Debug|Any CPU.ActiveCfg = Debug|Any CPU
		{F13485E4-0291-4048-8E3C-628474AFE7F9}.Debug|Any CPU.Build.0 = Debug|Any CPU
		{F13485E4-0291-4048-8E3C-628474AFE7F9}.Debug|x64.ActiveCfg = Debug|Any CPU
		{F13485E4-0291-4048-8E3C-628474AFE7F9}.Debug|x64.Build.0 = Debug|Any CPU
		{F13485E4-0291-4048-8E3C-628474AFE7F9}.Debug|x86.ActiveCfg = Debug|Any CPU
		{F13485E4-0291-4048-8E3C-628474AFE7F9}.Debug|x86.Build.0 = Debug|Any CPU
		{F13485E4-0291-4048-8E3C-628474AFE7F9}.Release|Any CPU.ActiveCfg = Release|Any CPU
		{F13485E4-0291-4048-8E3C-628474AFE7F9}.Release|Any CPU.Build.0 = Release|Any CPU
		{F13485E4-0291-4048-8E3C-628474AFE7F9}.Release|x64.ActiveCfg = Release|Any CPU
		{F13485E4-0291-4048-8E3C-628474AFE7F9}.Release|x64.Build.0 = Release|Any CPU
		{F13485E4-0291-4048-8E3C-628474AFE7F9}.Release|x86.ActiveCfg = Release|Any CPU
		{F13485E4-0291-4048-8E3C-628474AFE7F9}.Release|x86.Build.0 = Release|Any CPU
		{8A52BAA0-738F-40BC-82D2-C4E4F968083E}.Debug|Any CPU.ActiveCfg = Debug|Any CPU
		{8A52BAA0-738F-40BC-82D2-C4E4F968083E}.Debug|Any CPU.Build.0 = Debug|Any CPU
		{8A52BAA0-738F-40BC-82D2-C4E4F968083E}.Debug|x64.ActiveCfg = Debug|Any CPU
		{8A52BAA0-738F-40BC-82D2-C4E4F968083E}.Debug|x64.Build.0 = Debug|Any CPU
		{8A52BAA0-738F-40BC-82D2-C4E4F968083E}.Debug|x86.ActiveCfg = Debug|Any CPU
		{8A52BAA0-738F-40BC-82D2-C4E4F968083E}.Debug|x86.Build.0 = Debug|Any CPU
		{8A52BAA0-738F-40BC-82D2-C4E4F968083E}.Release|Any CPU.ActiveCfg = Release|Any CPU
		{8A52BAA0-738F-40BC-82D2-C4E4F968083E}.Release|Any CPU.Build.0 = Release|Any CPU
		{8A52BAA0-738F-40BC-82D2-C4E4F968083E}.Release|x64.ActiveCfg = Release|Any CPU
		{8A52BAA0-738F-40BC-82D2-C4E4F968083E}.Release|x64.Build.0 = Release|Any CPU
		{8A52BAA0-738F-40BC-82D2-C4E4F968083E}.Release|x86.ActiveCfg = Release|Any CPU
		{8A52BAA0-738F-40BC-82D2-C4E4F968083E}.Release|x86.Build.0 = Release|Any CPU
		{38E19A9E-973C-4F05-AAA2-92C3C6A0FB4D}.Debug|Any CPU.ActiveCfg = Debug|Any CPU
		{38E19A9E-973C-4F05-AAA2-92C3C6A0FB4D}.Debug|Any CPU.Build.0 = Debug|Any CPU
		{38E19A9E-973C-4F05-AAA2-92C3C6A0FB4D}.Debug|x64.ActiveCfg = Debug|Any CPU
		{38E19A9E-973C-4F05-AAA2-92C3C6A0FB4D}.Debug|x64.Build.0 = Debug|Any CPU
		{38E19A9E-973C-4F05-AAA2-92C3C6A0FB4D}.Debug|x86.ActiveCfg = Debug|Any CPU
		{38E19A9E-973C-4F05-AAA2-92C3C6A0FB4D}.Debug|x86.Build.0 = Debug|Any CPU
		{38E19A9E-973C-4F05-AAA2-92C3C6A0FB4D}.Release|Any CPU.ActiveCfg = Release|Any CPU
		{38E19A9E-973C-4F05-AAA2-92C3C6A0FB4D}.Release|Any CPU.Build.0 = Release|Any CPU
		{38E19A9E-973C-4F05-AAA2-92C3C6A0FB4D}.Release|x64.ActiveCfg = Release|Any CPU
		{38E19A9E-973C-4F05-AAA2-92C3C6A0FB4D}.Release|x64.Build.0 = Release|Any CPU
		{38E19A9E-973C-4F05-AAA2-92C3C6A0FB4D}.Release|x86.ActiveCfg = Release|Any CPU
		{38E19A9E-973C-4F05-AAA2-92C3C6A0FB4D}.Release|x86.Build.0 = Release|Any CPU
		{500D862E-A1EC-49CC-9269-F3E17454AA3E}.Debug|Any CPU.ActiveCfg = Debug|Any CPU
		{500D862E-A1EC-49CC-9269-F3E17454AA3E}.Debug|Any CPU.Build.0 = Debug|Any CPU
		{500D862E-A1EC-49CC-9269-F3E17454AA3E}.Debug|x64.ActiveCfg = Debug|Any CPU
		{500D862E-A1EC-49CC-9269-F3E17454AA3E}.Debug|x64.Build.0 = Debug|Any CPU
		{500D862E-A1EC-49CC-9269-F3E17454AA3E}.Debug|x86.ActiveCfg = Debug|Any CPU
		{500D862E-A1EC-49CC-9269-F3E17454AA3E}.Debug|x86.Build.0 = Debug|Any CPU
		{500D862E-A1EC-49CC-9269-F3E17454AA3E}.Release|Any CPU.ActiveCfg = Release|Any CPU
		{500D862E-A1EC-49CC-9269-F3E17454AA3E}.Release|Any CPU.Build.0 = Release|Any CPU
		{500D862E-A1EC-49CC-9269-F3E17454AA3E}.Release|x64.ActiveCfg = Release|Any CPU
		{500D862E-A1EC-49CC-9269-F3E17454AA3E}.Release|x64.Build.0 = Release|Any CPU
		{500D862E-A1EC-49CC-9269-F3E17454AA3E}.Release|x86.ActiveCfg = Release|Any CPU
		{500D862E-A1EC-49CC-9269-F3E17454AA3E}.Release|x86.Build.0 = Release|Any CPU
		{DFB2045A-228D-463B-90F4-BB95563C67BD}.Debug|Any CPU.ActiveCfg = Debug|Any CPU
		{DFB2045A-228D-463B-90F4-BB95563C67BD}.Debug|Any CPU.Build.0 = Debug|Any CPU
		{DFB2045A-228D-463B-90F4-BB95563C67BD}.Debug|x64.ActiveCfg = Debug|Any CPU
		{DFB2045A-228D-463B-90F4-BB95563C67BD}.Debug|x64.Build.0 = Debug|Any CPU
		{DFB2045A-228D-463B-90F4-BB95563C67BD}.Debug|x86.ActiveCfg = Debug|Any CPU
		{DFB2045A-228D-463B-90F4-BB95563C67BD}.Debug|x86.Build.0 = Debug|Any CPU
		{DFB2045A-228D-463B-90F4-BB95563C67BD}.Release|Any CPU.ActiveCfg = Release|Any CPU
		{DFB2045A-228D-463B-90F4-BB95563C67BD}.Release|Any CPU.Build.0 = Release|Any CPU
		{DFB2045A-228D-463B-90F4-BB95563C67BD}.Release|x64.ActiveCfg = Release|Any CPU
		{DFB2045A-228D-463B-90F4-BB95563C67BD}.Release|x64.Build.0 = Release|Any CPU
		{DFB2045A-228D-463B-90F4-BB95563C67BD}.Release|x86.ActiveCfg = Release|Any CPU
		{DFB2045A-228D-463B-90F4-BB95563C67BD}.Release|x86.Build.0 = Release|Any CPU
		{60AADE13-35C8-400F-BD95-5CD3B7F11611}.Debug|Any CPU.ActiveCfg = Debug|Any CPU
		{60AADE13-35C8-400F-BD95-5CD3B7F11611}.Debug|Any CPU.Build.0 = Debug|Any CPU
		{60AADE13-35C8-400F-BD95-5CD3B7F11611}.Debug|x64.ActiveCfg = Debug|Any CPU
		{60AADE13-35C8-400F-BD95-5CD3B7F11611}.Debug|x64.Build.0 = Debug|Any CPU
		{60AADE13-35C8-400F-BD95-5CD3B7F11611}.Debug|x86.ActiveCfg = Debug|Any CPU
		{60AADE13-35C8-400F-BD95-5CD3B7F11611}.Debug|x86.Build.0 = Debug|Any CPU
		{60AADE13-35C8-400F-BD95-5CD3B7F11611}.Release|Any CPU.ActiveCfg = Release|Any CPU
		{60AADE13-35C8-400F-BD95-5CD3B7F11611}.Release|Any CPU.Build.0 = Release|Any CPU
		{60AADE13-35C8-400F-BD95-5CD3B7F11611}.Release|x64.ActiveCfg = Release|Any CPU
		{60AADE13-35C8-400F-BD95-5CD3B7F11611}.Release|x64.Build.0 = Release|Any CPU
		{60AADE13-35C8-400F-BD95-5CD3B7F11611}.Release|x86.ActiveCfg = Release|Any CPU
		{60AADE13-35C8-400F-BD95-5CD3B7F11611}.Release|x86.Build.0 = Release|Any CPU
	EndGlobalSection
	GlobalSection(SolutionProperties) = preSolution
		HideSolutionNode = FALSE
	EndGlobalSection
	GlobalSection(NestedProjects) = preSolution
		{F13485E4-0291-4048-8E3C-628474AFE7F9} = {11DD3B1C-D5EA-4B0C-BB2D-102066C170BF}
		{8A52BAA0-738F-40BC-82D2-C4E4F968083E} = {11DD3B1C-D5EA-4B0C-BB2D-102066C170BF}
		{38E19A9E-973C-4F05-AAA2-92C3C6A0FB4D} = {11DD3B1C-D5EA-4B0C-BB2D-102066C170BF}
		{500D862E-A1EC-49CC-9269-F3E17454AA3E} = {11DD3B1C-D5EA-4B0C-BB2D-102066C170BF}
		{DFB2045A-228D-463B-90F4-BB95563C67BD} = {0AB3BF05-4346-4AA6-1389-037BE0695223}
		{64B38D97-4B2D-BCBC-926A-116E52967D06} = {11DD3B1C-D5EA-4B0C-BB2D-102066C170BF}
		{60AADE13-35C8-400F-BD95-5CD3B7F11611} = {64B38D97-4B2D-BCBC-926A-116E52967D06}
	EndGlobalSection
EndGlobal
